
Microsoft Visual Studio Solution File, Format Version 12.00
# Visual Studio Version 17
VisualStudioVersion = 17.9.34714.143
MinimumVisualStudioVersion = 10.0.40219.1
Project("{9A19103F-16F7-4668-BE54-9A1E7A4F7556}") = "Qwips.Integration.ClientSdk", "Qwips.Integration.ClientSdk\Qwips.Integration.ClientSdk.csproj", "{EF3A72F0-706F-4A63-8CDE-2AACDAF5DD36}"
EndProject
Project("{FAE04EC0-301F-11D3-BF4B-00C04F79EFBC}") = "Example", "Example\Example.csproj", "{C77F3348-DCB4-4DF1-B6A4-3D375876A520}"
EndProject
Global
	GlobalSection(SolutionConfigurationPlatforms) = preSolution
		Debug|Any CPU = Debug|Any CPU
		Release|Any CPU = Release|Any CPU
	EndGlobalSection
	GlobalSection(ProjectConfigurationPlatforms) = postSolution
		{EF3A72F0-706F-4A63-8CDE-2AACDAF5DD36}.Debug|Any CPU.ActiveCfg = Debug|Any CPU
		{EF3A72F0-706F-4A63-8CDE-2AACDAF5DD36}.Debug|Any CPU.Build.0 = Debug|Any CPU
		{EF3A72F0-706F-4A63-8CDE-2AACDAF5DD36}.Release|Any CPU.ActiveCfg = Release|Any CPU
		{EF3A72F0-706F-4A63-8CDE-2AACDAF5DD36}.Release|Any CPU.Build.0 = Release|Any CPU
		{C77F3348-DCB4-4DF1-B6A4-3D375876A520}.Debug|Any CPU.ActiveCfg = Debug|Any CPU
		{C77F3348-DCB4-4DF1-B6A4-3D375876A520}.Debug|Any CPU.Build.0 = Debug|Any CPU
		{C77F3348-DCB4-4DF1-B6A4-3D375876A520}.Release|Any CPU.ActiveCfg = Release|Any CPU
		{C77F3348-DCB4-4DF1-B6A4-3D375876A520}.Release|Any CPU.Build.0 = Release|Any CPU
	EndGlobalSection
	GlobalSection(SolutionProperties) = preSolution
		HideSolutionNode = FALSE
	EndGlobalSection
	GlobalSection(ExtensibilityGlobals) = postSolution
		SolutionGuid = {2C5DB932-996C-4564-9C3D-8ED05C95C37E}
	EndGlobalSection
EndGlobal
